{
    "_meta": {
        "hash": {
            "sha256": "91b4ee46817d40f8afb605d7ba6416a56389996e58918399a186afe44ced655e"
        },
        "pipfile-spec": 6,
        "requires": {
            "python_version": "3.10"
        },
        "sources": [
            {
                "name": "pypi",
                "url": "https://pypi.org/simple",
                "verify_ssl": true
            }
        ]
    },
    "default": {
        "astroid": {
            "hashes": [
                "sha256:8d0a30fe6481ce919f56690076eafbb2fb649142a89dc874f1ec0e7a011492d0",
                "sha256:cc8cc0d2d916c42d0a7c476c57550a4557a083081976bf42a73414322a6411d9"
            ],
            "markers": "python_full_version >= '3.6.2'",
            "version": "==2.11.2"
        },
        "certifi": {
            "hashes": [
                "sha256:78884e7c1d4b00ce3cea67b44566851c4343c120abd683433ce934a68ea58872",
                "sha256:d62a0163eb4c2344ac042ab2bdf75399a71a2d8c7d47eac2e2ee91b9d6339569"
            ],
            "version": "==2021.10.8"
        },
        "charset-normalizer": {
            "hashes": [
                "sha256:2857e29ff0d34db842cd7ca3230549d1a697f96ee6d3fb071cfa6c7393832597",
                "sha256:6881edbebdb17b39b4eaaa821b438bf6eddffb4468cf344f09f89def34a8b1df"
            ],
            "markers": "python_version >= '3'",
            "version": "==2.0.12"
        },
        "colorama": {
            "hashes": [
                "sha256:5941b2b48a20143d2267e95b1c2a7603ce057ee39fd88e7329b0c292aa16869b",
                "sha256:9f47eda37229f68eee03b24b9748937c7dc3868f906e8ba69fbcbdd3bc5dc3e2"
            ],
            "markers": "sys_platform == 'win32'",
            "version": "==0.4.4"
        },
        "cplex": {
            "hashes": [
                "sha256:0cfe4864b2aaa9ab2be1d0fd04e8005ce97e3ac47ceade7c436c7152a81e821d",
                "sha256:151a0fa0d4bfa0326044dcc2bea4893a3c9c5268045f2eec786eaf0403d1d629",
                "sha256:1dc4c8da5997c6a10532d5f06ef136b396c15cef1feb3a59caad3d0f5d41eae2",
                "sha256:20804c77e4965feefc0dccb08732e79a299468f351a76373d1d1550a9b1d46f5",
                "sha256:254795ef88954ac2bf1e2203536a70f3d42e1cb3d3a1c32a88c25b83cd9abcf6",
                "sha256:2d93113168e487cbd967f6af651d98114230ef2fd20b5f8ce8870f2544143244",
                "sha256:3be40713d231dc2ad1331bcc05131e00abb4bddc5fd6afd96b693c274c03c6b8",
                "sha256:5359773d44da368c974b9637ef65951c99d7d05f02e069247290f908426dc3fa",
                "sha256:54b0e3f447d1e957ceeb7c21b296da360a43b99f8142ac7143aaec2cae091a21",
                "sha256:92e5e3ef0fb5772eca055968b00ba4ff92536b268f09372ee6997d4f8cd4cfe7",
                "sha256:970a94bb145bc3ceb3894044aaabe5ea0ffe5a816bb36de41e99bc4b75169acf",
                "sha256:be70eb3e92af179c2e37b7acadd727d6ce94dfb60a0e178f31191488b657794a",
                "sha256:d68c5dc81bbf3e41562714523805ed4e1275bc7f1a268fe5597a6d39823f215e",
                "sha256:e417042a5fd5878a325b5b2baf29f043a6483159287e87a916da6b655fc6c100",
                "sha256:f621fabcabee05789ba7abfd64be838711d6cc0c3bde0bf68feefe1c29a69c92",
                "sha256:f8f3860701e4ef2152254ea136ba43c1fc4434869d95d8b5b973a320cc644623"
            ],
            "index": "pypi",
            "version": "==22.1.0.0"
        },
        "cvxpy": {
            "hashes": [
                "sha256:2d9e3c6ab351d1b660f7a7a5663e3484495d47fa907c353f96efffd6a4811e24",
                "sha256:33d526f5591cbd305d20c0ae6649763ef8ccb1df93db373bd22bb6a86c8259e5",
                "sha256:414466fde849a2faabfd9444ec82ca2e7bf142c01d7237524cf9730adeb4201c",
                "sha256:4a4af390340c7746b074a0f88dc01b2273c0005f76324b2ea1c751bf174186f2",
                "sha256:4e48f7fc556b6a70d26a23b7148d09787faee092e4fcf683ad8b293b1fcd8595",
                "sha256:56e2485d8c3916810f2bce0d4e242e4f0bab90a7d1830944d3951285e7c1a84c",
                "sha256:5eb9493d4c563e78ce1a47e6141207a55660a97a1ec2a82d8042433dd1e19fca",
                "sha256:686768365a13d108bb3f6e05b61cec5336a3503a5766165a9fb14b77203c5ed0",
                "sha256:6dd8bdee5db45d8ef59be2b214761224adba458612c5a81d7221e5ca19129606",
                "sha256:ada9b935ea0fbdab5072c7e925560250e400f00a614b28b5432bc9752230fd18",
                "sha256:addee6fd27d273c343f0a654a6cea5c8e47ceaf7261ccd7817ce7c56cec73150",
                "sha256:b83e1d8d91503842306ba8e72bec65a26663fd661b215c42c14117bc12e689df",
                "sha256:d8a3a3f8c5a8656287d4f56928d5e8844d05c596ff180bb6811719328fbf2b65"
            ],
            "index": "pypi",
            "version": "==1.2.0"
        },
        "dill": {
            "hashes": [
                "sha256:7e40e4a70304fd9ceab3535d36e58791d9c4a776b38ec7f7ec9afc8d3dca4d4f",
                "sha256:9f9734205146b2b353ab3fec9af0070237b6ddae78452af83d2fca84d739e675"
            ],
            "markers": "python_version >= '2.7' and python_version != '3.0'",
            "version": "==0.3.4"
        },
        "ecos": {
            "hashes": [
                "sha256:13cfe9a4134b7a2f3a8f4b8d88ce5d5106bac3d168c356b0d77e1dd2ea9dc42d",
                "sha256:14deff01083fe8f54c52bee8f678eaebae54bc1eecce276324bf8ce30c306778",
                "sha256:48948eadd2e45dd9766f0686e3de27cc6ae8e9dc85c1a2139f712b9703b0374c",
                "sha256:533e1a0dec84e4e9a882b401a59b821da192f7fe4f32c6d65e400b6425858775",
                "sha256:6bfe0211b99094efea0c469abbd64a7f6b991dcf0a8bed7c591c6218607a9504",
                "sha256:6ed5ee0610b06911b6839e095a392cce52f8d88bedf86a381a9ed93c3af2a677",
                "sha256:8a116ebad51aeb8847ddf05bb1e432f56f6a495682406f237a7f1633374b8356",
                "sha256:8f64207b256ec8ee2ee54411927604b10e56b554bd608c7af5529c3bea93eafd",
                "sha256:9391a73fd25b2fc56b163a2a70c78973458bb194fe475b6c27672c0d980a47cf",
                "sha256:98c8e3b7247e7c63852974a9c4b1acc5804269b50a1aba3447220cad5e4c617f",
                "sha256:9b1e8134e822583f457d7759cab030e6076732bcbe977ceb1c64d8fe99c17bc3",
                "sha256:ae8bf83a9146741faaf36448eaeeef83b4dd7a9e88b80fe0e89b03d403e3096c",
                "sha256:b25f75808a2e136b8adc9c4dca0f3c56fc8d8256fb3c19cd162194125b4e52a9",
                "sha256:d1b7058c71808cb35e16217b832d2bf944f9a64ef852f6bd707ae66b474071e6",
                "sha256:d5944f9acdfd1d23fb16a22da1e78ae98981c283e16a27fbd7cf3d52e670222b",
                "sha256:d8afaeb204c6cbb706ebee218e3817a735ba9f7b33edc20844e6fda54946403c"
            ],
            "version": "==2.0.10"
        },
        "idna": {
            "hashes": [
                "sha256:84d9dd047ffa80596e0f246e2eab0b391788b0503584e8945f2368256d2735ff",
                "sha256:9d643ff0a55b762d5cdb124b8eaa99c66322e2157b69160bc32796e824360e6d"
            ],
            "markers": "python_version >= '3'",
            "version": "==3.3"
        },
        "isort": {
            "hashes": [
                "sha256:6f62d78e2f89b4500b080fe3a81690850cd254227f27f75c3a0c491a1f351ba7",
                "sha256:e8443a5e7a020e9d7f97f1d7d9cd17c88bcb3bc7e218bf9cf5095fe550be2951"
            ],
            "markers": "python_version < '4.0' and python_full_version >= '3.6.1'",
            "version": "==5.10.1"
        },
        "lazy-object-proxy": {
            "hashes": [
                "sha256:043651b6cb706eee4f91854da4a089816a6606c1428fd391573ef8cb642ae4f7",
                "sha256:07fa44286cda977bd4803b656ffc1c9b7e3bc7dff7d34263446aec8f8c96f88a",
                "sha256:12f3bb77efe1367b2515f8cb4790a11cffae889148ad33adad07b9b55e0ab22c",
                "sha256:2052837718516a94940867e16b1bb10edb069ab475c3ad84fd1e1a6dd2c0fcfc",
                "sha256:2130db8ed69a48a3440103d4a520b89d8a9405f1b06e2cc81640509e8bf6548f",
                "sha256:39b0e26725c5023757fc1ab2a89ef9d7ab23b84f9251e28f9cc114d5b59c1b09",
                "sha256:46ff647e76f106bb444b4533bb4153c7370cdf52efc62ccfc1a28bdb3cc95442",
                "sha256:4dca6244e4121c74cc20542c2ca39e5c4a5027c81d112bfb893cf0790f96f57e",
                "sha256:553b0f0d8dbf21890dd66edd771f9b1b5f51bd912fa5f26de4449bfc5af5e029",
                "sha256:677ea950bef409b47e51e733283544ac3d660b709cfce7b187f5ace137960d61",
                "sha256:6a24357267aa976abab660b1d47a34aaf07259a0c3859a34e536f1ee6e76b5bb",
                "sha256:6a6e94c7b02641d1311228a102607ecd576f70734dc3d5e22610111aeacba8a0",
                "sha256:6aff3fe5de0831867092e017cf67e2750c6a1c7d88d84d2481bd84a2e019ec35",
                "sha256:6ecbb350991d6434e1388bee761ece3260e5228952b1f0c46ffc800eb313ff42",
                "sha256:7096a5e0c1115ec82641afbdd70451a144558ea5cf564a896294e346eb611be1",
                "sha256:70ed0c2b380eb6248abdef3cd425fc52f0abd92d2b07ce26359fcbc399f636ad",
                "sha256:8561da8b3dd22d696244d6d0d5330618c993a215070f473b699e00cf1f3f6443",
                "sha256:85b232e791f2229a4f55840ed54706110c80c0a210d076eee093f2b2e33e1bfd",
                "sha256:898322f8d078f2654d275124a8dd19b079080ae977033b713f677afcfc88e2b9",
                "sha256:8f3953eb575b45480db6568306893f0bd9d8dfeeebd46812aa09ca9579595148",
                "sha256:91ba172fc5b03978764d1df5144b4ba4ab13290d7bab7a50f12d8117f8630c38",
                "sha256:9d166602b525bf54ac994cf833c385bfcc341b364e3ee71e3bf5a1336e677b55",
                "sha256:a57d51ed2997e97f3b8e3500c984db50a554bb5db56c50b5dab1b41339b37e36",
                "sha256:b9e89b87c707dd769c4ea91f7a31538888aad05c116a59820f28d59b3ebfe25a",
                "sha256:bb8c5fd1684d60a9902c60ebe276da1f2281a318ca16c1d0a96db28f62e9166b",
                "sha256:c19814163728941bb871240d45c4c30d33b8a2e85972c44d4e63dd7107faba44",
                "sha256:c4ce15276a1a14549d7e81c243b887293904ad2d94ad767f42df91e75fd7b5b6",
                "sha256:c7a683c37a8a24f6428c28c561c80d5f4fd316ddcf0c7cab999b15ab3f5c5c69",
                "sha256:d609c75b986def706743cdebe5e47553f4a5a1da9c5ff66d76013ef396b5a8a4",
                "sha256:d66906d5785da8e0be7360912e99c9188b70f52c422f9fc18223347235691a84",
                "sha256:dd7ed7429dbb6c494aa9bc4e09d94b778a3579be699f9d67da7e6804c422d3de",
                "sha256:df2631f9d67259dc9620d831384ed7732a198eb434eadf69aea95ad18c587a28",
                "sha256:e368b7f7eac182a59ff1f81d5f3802161932a41dc1b1cc45c1f757dc876b5d2c",
                "sha256:e40f2013d96d30217a51eeb1db28c9ac41e9d0ee915ef9d00da639c5b63f01a1",
                "sha256:f769457a639403073968d118bc70110e7dce294688009f5c24ab78800ae56dc8",
                "sha256:fccdf7c2c5821a8cbd0a9440a456f5050492f2270bd54e94360cac663398739b",
                "sha256:fd45683c3caddf83abbb1249b653a266e7069a09f486daa8863fb0e7496a9fdb"
            ],
            "markers": "python_version >= '3.6'",
            "version": "==1.7.1"
        },
        "marshmallow": {
            "hashes": [
                "sha256:2aaaab4f01ef4f5a011a21319af9fce17ab13bf28a026d1252adab0e035648d5",
                "sha256:ff79885ed43b579782f48c251d262e062bce49c65c52412458769a4fb57ac30f"
            ],
            "index": "pypi",
            "version": "==3.15.0"
        },
        "mccabe": {
            "hashes": [
                "sha256:348e0240c33b60bbdf4e523192ef919f28cb2c3d7d5c7794f74009290f236325",
                "sha256:6c2d30ab6be0e4a46919781807b4f0d834ebdd6c6e3dca0bda5a15f863427b6e"
            ],
            "markers": "python_version >= '3.6'",
            "version": "==0.7.0"
        },
        "numpy": {
            "hashes": [
                "sha256:07a8c89a04997625236c5ecb7afe35a02af3896c8aa01890a849913a2309c676",
                "sha256:08d9b008d0156c70dc392bb3ab3abb6e7a711383c3247b410b39962263576cd4",
                "sha256:201b4d0552831f7250a08d3b38de0d989d6f6e4658b709a02a73c524ccc6ffce",
                "sha256:2c10a93606e0b4b95c9b04b77dc349b398fdfbda382d2a39ba5a822f669a0123",
                "sha256:3ca688e1b9b95d80250bca34b11a05e389b1420d00e87a0d12dc45f131f704a1",
                "sha256:48a3aecd3b997bf452a2dedb11f4e79bc5bfd21a1d4cc760e703c31d57c84b3e",
                "sha256:568dfd16224abddafb1cbcce2ff14f522abe037268514dd7e42c6776a1c3f8e5",
                "sha256:5bfb1bb598e8229c2d5d48db1860bcf4311337864ea3efdbe1171fb0c5da515d",
                "sha256:639b54cdf6aa4f82fe37ebf70401bbb74b8508fddcf4797f9fe59615b8c5813a",
                "sha256:8251ed96f38b47b4295b1ae51631de7ffa8260b5b087808ef09a39a9d66c97ab",
                "sha256:92bfa69cfbdf7dfc3040978ad09a48091143cffb778ec3b03fa170c494118d75",
                "sha256:97098b95aa4e418529099c26558eeb8486e66bd1e53a6b606d684d0c3616b168",
                "sha256:a3bae1a2ed00e90b3ba5f7bd0a7c7999b55d609e0c54ceb2b076a25e345fa9f4",
                "sha256:c34ea7e9d13a70bf2ab64a2532fe149a9aced424cd05a2c4ba662fd989e3e45f",
                "sha256:dbc7601a3b7472d559dc7b933b18b4b66f9aa7452c120e87dfb33d02008c8a18",
                "sha256:e7927a589df200c5e23c57970bafbd0cd322459aa7b1ff73b7c2e84d6e3eae62",
                "sha256:f8c1f39caad2c896bc0018f699882b345b2a63708008be29b1f355ebf6f933fe",
                "sha256:f950f8845b480cffe522913d35567e29dd381b0dc7e4ce6a4a9f9156417d2430",
                "sha256:fade0d4f4d292b6f39951b6836d7a3c7ef5b2347f3c420cd9820a1d90d794802",
                "sha256:fdf3c08bce27132395d3c3ba1503cac12e17282358cb4bddc25cc46b0aca07aa"
            ],
            "markers": "python_version >= '3.8'",
            "version": "==1.22.3"
        },
        "osqp": {
            "hashes": [
                "sha256:26664bd4238f0f92642f532b23e61efba810a6debba0b3117300749f801e9c25",
                "sha256:4ca601c5008600b3e0a408339be21f9d626c497b0b0c4dbe4ffe6d6dbbed1b9f",
                "sha256:51a315e02a4cb42e1911047ec6b2a44b67a269d4b5d37d7ee737654206915c82",
                "sha256:648cb4e34caf0ee948b34a1d0b184f5233e30009090884e0d75503f868bf7b1f",
                "sha256:73a307a93fa7ab68b610e08637c95940070a27f11fda5a2e7a7095cfaff3f0ef",
                "sha256:77408f93ed261581fe498505c69480fb8584c8c0da2a2cd0710bb4bae0c872f5",
                "sha256:8003fc363f707daa46fef3af548e6a580372154d6cd49a7bf2f569ba5f807d15",
                "sha256:8c2e40e6788b860887d584a9929ad1c0e436aab8f82bb24da7b165034cb04017",
                "sha256:908d42fb5d1d9cb36d74a8f3db69384ed1813f1a3e755367557395ce7cf05e16",
                "sha256:b1e30d6fa10ed11a95023d7308ec1588de3f5b049d09a4d0cc49e057f8e9ce47",
                "sha256:b2fa17aae42a7ed498ec261b33f262bb4b3605e7e8464062159d9fae817f0d61",
                "sha256:c07602c8747ce7a177d091bb6d47ce8f214997a86b7577ddee4adae43e9ac92f",
                "sha256:c23bb95e6f72c6b253737edb9e4ef47ceccc3d891c287041ed5fe5f173d317bb",
                "sha256:c7b3ae95221ad6f607dc4a69f36b7a0c71ca434ce85dcbf5cfa084770be5b249",
                "sha256:c9470c5d58535d31080cb693568916a3e837f09dfa94819a85284b36b3626738",
                "sha256:ff71646bc9d55c5b3a72cc9b4197e51c36d25d8b2bb81f975d3ce7772ff188ec"
            ],
            "version": "==0.6.2.post5"
        },
        "packaging": {
            "hashes": [
                "sha256:dd47c42927d89ab911e606518907cc2d3a1f38bbd026385970643f9c5b8ecfeb",
                "sha256:ef103e05f519cdc783ae24ea4e2e0f508a9c99b2d4969652eed6a2e1ea5bd522"
            ],
            "markers": "python_version >= '3.6'",
            "version": "==21.3"
        },
        "pandas": {
            "hashes": [
                "sha256:0010771bd9223f7afe5f051eb47c4a49534345dfa144f2f5470b27189a4dd3b5",
                "sha256:061609334a8182ab500a90fe66d46f6f387de62d3a9cb9aa7e62e3146c712167",
                "sha256:09d8be7dd9e1c4c98224c4dfe8abd60d145d934e9fc1f5f411266308ae683e6a",
                "sha256:295872bf1a09758aba199992c3ecde455f01caf32266d50abc1a073e828a7b9d",
                "sha256:3228198333dd13c90b6434ddf61aa6d57deaca98cf7b654f4ad68a2db84f8cfe",
                "sha256:385c52e85aaa8ea6a4c600a9b2821181a51f8be0aee3af6f2dcb41dafc4fc1d0",
                "sha256:51649ef604a945f781105a6d2ecf88db7da0f4868ac5d45c51cb66081c4d9c73",
                "sha256:5586cc95692564b441f4747c47c8a9746792e87b40a4680a2feb7794defb1ce3",
                "sha256:5a206afa84ed20e07603f50d22b5f0db3fb556486d8c2462d8bc364831a4b417",
                "sha256:5b79af3a69e5175c6fa7b4e046b21a646c8b74e92c6581a9d825687d92071b51",
                "sha256:5c54ea4ef3823108cd4ec7fb27ccba4c3a775e0f83e39c5e17f5094cb17748bc",
                "sha256:8c5bf555b6b0075294b73965adaafb39cf71c312e38c5935c93d78f41c19828a",
                "sha256:92bc1fc585f1463ca827b45535957815b7deb218c549b7c18402c322c7549a12",
                "sha256:95c1e422ced0199cf4a34385ff124b69412c4bc912011ce895582bee620dfcaa",
                "sha256:b8134651258bce418cb79c71adeff0a44090c98d955f6953168ba16cc285d9f7",
                "sha256:be67c782c4f1b1f24c2f16a157e12c2693fd510f8df18e3287c77f33d124ed07",
                "sha256:c072c7f06b9242c855ed8021ff970c0e8f8b10b35e2640c657d2a541c5950f59",
                "sha256:d0d4f13e4be7ce89d7057a786023c461dd9370040bdb5efa0a7fe76b556867a0",
                "sha256:df82739e00bb6daf4bba4479a40f38c718b598a84654cbd8bb498fd6b0aa8c16",
                "sha256:f549097993744ff8c41b5e8f2f0d3cbfaabe89b4ae32c8c08ead6cc535b80139",
                "sha256:ff08a14ef21d94cdf18eef7c569d66f2e24e0bc89350bcd7d243dd804e3b5eb2"
            ],
            "index": "pypi",
            "version": "==1.4.2"
        },
        "platformdirs": {
            "hashes": [
                "sha256:7535e70dfa32e84d4b34996ea99c5e432fa29a708d0f4e394bbcb2a8faa4f16d",
                "sha256:bcae7cab893c2d310a711b70b24efb93334febe65f8de776ee320b517471e227"
            ],
            "markers": "python_version >= '3.7'",
            "version": "==2.5.1"
        },
        "pylint": {
            "hashes": [
                "sha256:c149694cfdeaee1aa2465e6eaab84c87a881a7d55e6e93e09466be7164764d1e",
                "sha256:dab221658368c7a05242e673c275c488670144123f4bd262b2777249c1c0de9b"
            ],
            "index": "pypi",
            "version": "==2.13.5"
        },
        "pyparsing": {
            "hashes": [
                "sha256:18ee9022775d270c55187733956460083db60b37d0d0fb357445f3094eed3eea",
                "sha256:a6c06a88f252e6c322f65faf8f418b16213b51bdfaece0524c1c1bc30c63c484"
            ],
            "markers": "python_version >= '3.6'",
            "version": "==3.0.7"
        },
        "python-dateutil": {
            "hashes": [
                "sha256:0123cacc1627ae19ddf3c27a5de5bd67ee4586fbdd6440d9748f8abb483d3e86",
                "sha256:961d03dc3453ebbc59dbdea9e4e11c5651520a876d0f4db161e8674aae935da9"
            ],
            "markers": "python_version >= '2.7' and python_version not in '3.0, 3.1, 3.2, 3.3'",
            "version": "==2.8.2"
        },
        "pytz": {
            "hashes": [
                "sha256:1e760e2fe6a8163bc0b3d9a19c4f84342afa0a2affebfaa84b01b978a02ecaa7",
                "sha256:e68985985296d9a66a881eb3193b0906246245294a881e7c8afe623866ac6a5c"
            ],
            "version": "==2022.1"
        },
        "qdldl": {
            "hashes": [
                "sha256:05b3079837c0ec86136b4a29b3842eab7bfc7a5517d751a3e5d0d5c111a2e523",
                "sha256:15d0fbff31aa19195b135ca934cf75025d46a275d915eebb7c11a7d16e148096",
                "sha256:227fe8988a86b9f9ed341ad20d11502789b4d05bceddb09a47dbb24b08d79966",
                "sha256:408a34b735be5425dc088cdebb1129f0f5d8cc9fd8c888fc9ed0bd1a02a65d6f",
                "sha256:438b303b8b7b95531d93b457657ec89e742bd90c9a72da1eebfb51095007922c",
                "sha256:5269f40521b12941f1334a162f8f06375df6a89f0f90d8a758ae3b83b8931b18",
                "sha256:53b19b8509f529fa6fdc8f869f6172d5c89587b657aa24d958d339de3bc47a73",
                "sha256:655f5e83c9e46f2d9b32508852d92b6e8fa6d166a6f48960aac54e81cd578417",
                "sha256:7daf7ad1bfff1da71da06e82d5147bdb1ac866581617d8f06cc4eeda48e2a149",
                "sha256:879cd43b41babda79d4896f6b5a79dfbf96be5f13489553c793659116a2e9ce4",
                "sha256:ab77ca440cbca98377e3ade32860c8d7e4fa97759d6266759a7e2f718ec4ded1",
                "sha256:ae054e987066ae861c0bc648a7cdd523cfb1849353bc9b1591ecbf2a55ca8b7d",
                "sha256:ae0b70e7599dd58ef16d6500947b8d2bdd4272ffbbd2ebf5c516691fdfb82212",
                "sha256:d6f0f55bb853f10e3a2025193af2d1cc202697cc7985fe7785d681114c5b3cdb",
                "sha256:fa7057d8888ea8ebba859da8b25d40e10e2f12013f6b0b033c9ab6e68cd10763",
                "sha256:ffbdd5bd07f2340ad2ce01d44cc95223ffa256136ac5dc32f4f80926701640fb"
            ],
            "version": "==0.1.5.post2"
        },
        "requests": {
            "hashes": [
                "sha256:68d7c56fd5a8999887728ef304a6d12edc7be74f1cfa47714fc8b414525c9a61",
                "sha256:f22fa1e554c9ddfd16e6e41ac79759e17be9e492b3587efa038054674760e72d"
            ],
            "index": "pypi",
            "version": "==2.27.1"
        },
        "scipy": {
            "hashes": [
                "sha256:011d4386b53b933142f58a652aa0f149c9b9242abd4f900b9f4ea5fbafc86b89",
                "sha256:16e09ef68b352d73befa8bcaf3ebe25d3941fe1a58c82909d5589856e6bc8174",
                "sha256:31d4f2d6b724bc9a98e527b5849b8a7e589bf1ea630c33aa563eda912c9ff0bd",
                "sha256:38aa39b6724cb65271e469013aeb6f2ce66fd44f093e241c28a9c6bc64fd79ed",
                "sha256:3d573228c10a3a8c32b9037be982e6440e411b443a6267b067cac72f690b8d56",
                "sha256:3d9dd6c8b93a22bf9a3a52d1327aca7e092b1299fb3afc4f89e8eba381be7b59",
                "sha256:559a8a4c03a5ba9fe3232f39ed24f86457e4f3f6c0abbeae1fb945029f092720",
                "sha256:5e73343c5e0d413c1f937302b2e04fb07872f5843041bcfd50699aef6e95e399",
                "sha256:723b9f878095ed994756fa4ee3060c450e2db0139c5ba248ee3f9628bd64e735",
                "sha256:87b01c7d5761e8a266a0fbdb9d88dcba0910d63c1c671bdb4d99d29f469e9e03",
                "sha256:8f4d059a97b29c91afad46b1737274cb282357a305a80bdd9e8adf3b0ca6a3f0",
                "sha256:92b2c2af4183ed09afb595709a8ef5783b2baf7f41e26ece24e1329c109691a7",
                "sha256:937d28722f13302febde29847bbe554b89073fbb924a30475e5ed7b028898b5f",
                "sha256:a279e27c7f4566ef18bab1b1e2c37d168e365080974758d107e7d237d3f0f484",
                "sha256:ad5be4039147c808e64f99c0e8a9641eb5d2fa079ff5894dcd8240e94e347af4",
                "sha256:ae3e327da323d82e918e593460e23babdce40d7ab21490ddf9fc06dec6b91a18",
                "sha256:bb7088e89cd751acf66195d2f00cf009a1ea113f3019664032d9075b1e727b6c",
                "sha256:c17a1878d00a5dd2797ccd73623ceca9d02375328f6218ee6d921e1325e61aff",
                "sha256:c2bae431d127bf0b1da81fc24e4bba0a84d058e3a96b9dd6475dfcb3c5e8761e",
                "sha256:de2e80ee1d925984c2504812a310841c241791c5279352be4707cdcd7c255039",
                "sha256:e6f0cd9c0bd374ef834ee1e0f0999678d49dcc400ea6209113d81528958f97c7",
                "sha256:f3720d0124aced49f6f2198a6900304411dbbeed12f56951d7c66ebef05e3df6",
                "sha256:f4a6d3b9f9797eb2d43938ac2c5d96d02aed17ef170c8b38f11798717523ddba"
            ],
            "markers": "python_version < '3.11' and python_version >= '3.8'",
            "version": "==1.8.0"
        },
        "scs": {
            "hashes": [
                "sha256:0db0c7f4bd58dd7393d75aeb937854067297e26a3714c413c072bbaed069de05",
                "sha256:1ec501ed06cc07bf291256c3ed0a5a02361ef655aee3e034a5cbc0acfc12c6e2",
                "sha256:390770e9af094f81f9c30ce11f119131e1db71f4663d28e1ec5c4fdbe9bf77b0",
                "sha256:438514dea72896805f15f0f66596393217abb3072c2be53f894b176866f00be4",
                "sha256:4532a19e05cd7f115aa724606d0e39a72bbee366f5952d8e90d58954979eeb49",
                "sha256:6a180d86f61999db50b6a305872056b798740c87c4245006924dd654b6a998dd",
                "sha256:727d14eb509430c6f1524d97a7195d35241afde0514df2658d6d5adcf6db3342",
                "sha256:76aa5b5d0b1baef4b675d1cde24da39b9bb7cbc6e05d437fd0c33071ca1de364",
                "sha256:9f8de9e078a1455dbb1995ce4494d9f88c5bf345f6e89c84714ebb89a7121593",
                "sha256:a4c86eeadcb40350b74721d655fb9a8eb7e16ed2962fe4ae64473d0d47d276a1",
                "sha256:ab1c5fada8b19d5413b4cfad9ede834d4cfdd479cc77598d927003657177b3f2",
                "sha256:b559307b1ffcd72d1e8ecf6473c047834c546f65b1a90f560265dd5b24c36ba1",
                "sha256:f3153e032f22c86f4b3c0024b6dca517dd243c7e26c01ccdd7747198af44a9f8",
                "sha256:f501e270b000ab61f8cde7793e8e44bec161cb7087944d8404bb3744b44ac932",
                "sha256:fafefeec16d6d9117629b4776e54da5adb40200888fce9519e4b017931d2062a",
                "sha256:fc5241cbc1da00b38a2c24a6ea427ee9f771879b9d7e9f5a8ff48bb2e270cdfd"
            ],
            "version": "==3.2.0"
        },
        "setuptools": {
            "hashes": [
                "sha256:7999cbd87f1b6e1f33bf47efa368b224bed5e27b5ef2c4d46580186cbcb1a86a",
                "sha256:a65e3802053e99fc64c6b3b29c11132943d5b8c8facbcc461157511546510967"
            ],
            "markers": "python_version >= '3.7'",
            "version": "==62.0.0"
        },
        "six": {
            "hashes": [
                "sha256:1e61c37477a1626458e36f7b1d82aa5c9b094fa4802892072e49de9c60c4c926",
                "sha256:8abb2f1d86890a2dfb989f9a77cfcfd3e47c2a354b01111771326f8aa26e0254"
            ],
            "markers": "python_version >= '2.7' and python_version not in '3.0, 3.1, 3.2, 3.3'",
            "version": "==1.16.0"
        },
        "tomli": {
            "hashes": [
                "sha256:939de3e7a6161af0c887ef91b7d41a53e7c5a1ca976325f429cb46ea9bc30ecc",
                "sha256:de526c12914f0c550d15924c62d72abc48d6fe7364aa87328337a31007fe8a4f"
            ],
            "markers": "python_version < '3.11'",
            "version": "==2.0.1"
        },
        "urllib3": {
            "hashes": [
                "sha256:44ece4d53fb1706f667c9bd1c648f5469a2ec925fcf3a776667042d645472c14",
                "sha256:aabaf16477806a5e1dd19aa41f8c2b7950dd3c746362d7e3223dbe6de6ac448e"
            ],
            "markers": "python_version >= '2.7' and python_version not in '3.0, 3.1, 3.2, 3.3, 3.4' and python_version < '4.0'",
            "version": "==1.26.9"
        },
        "wrapt": {
            "hashes": [
                "sha256:00108411e0f34c52ce16f81f1d308a571df7784932cc7491d1e94be2ee93374b",
                "sha256:01f799def9b96a8ec1ef6b9c1bbaf2bbc859b87545efbecc4a78faea13d0e3a0",
                "sha256:09d16ae7a13cff43660155383a2372b4aa09109c7127aa3f24c3cf99b891c330",
                "sha256:14e7e2c5f5fca67e9a6d5f753d21f138398cad2b1159913ec9e9a67745f09ba3",
                "sha256:167e4793dc987f77fd476862d32fa404d42b71f6a85d3b38cbce711dba5e6b68",
                "sha256:1807054aa7b61ad8d8103b3b30c9764de2e9d0c0978e9d3fc337e4e74bf25faa",
                "sha256:1f83e9c21cd5275991076b2ba1cd35418af3504667affb4745b48937e214bafe",
                "sha256:21b1106bff6ece8cb203ef45b4f5778d7226c941c83aaaa1e1f0f4f32cc148cd",
                "sha256:22626dca56fd7f55a0733e604f1027277eb0f4f3d95ff28f15d27ac25a45f71b",
                "sha256:23f96134a3aa24cc50614920cc087e22f87439053d886e474638c68c8d15dc80",
                "sha256:2498762814dd7dd2a1d0248eda2afbc3dd9c11537bc8200a4b21789b6df6cd38",
                "sha256:28c659878f684365d53cf59dc9a1929ea2eecd7ac65da762be8b1ba193f7e84f",
                "sha256:2eca15d6b947cfff51ed76b2d60fd172c6ecd418ddab1c5126032d27f74bc350",
                "sha256:354d9fc6b1e44750e2a67b4b108841f5f5ea08853453ecbf44c81fdc2e0d50bd",
                "sha256:36a76a7527df8583112b24adc01748cd51a2d14e905b337a6fefa8b96fc708fb",
                "sha256:3a0a4ca02752ced5f37498827e49c414d694ad7cf451ee850e3ff160f2bee9d3",
                "sha256:3a71dbd792cc7a3d772ef8cd08d3048593f13d6f40a11f3427c000cf0a5b36a0",
                "sha256:3a88254881e8a8c4784ecc9cb2249ff757fd94b911d5df9a5984961b96113fff",
                "sha256:47045ed35481e857918ae78b54891fac0c1d197f22c95778e66302668309336c",
                "sha256:4775a574e9d84e0212f5b18886cace049a42e13e12009bb0491562a48bb2b758",
                "sha256:493da1f8b1bb8a623c16552fb4a1e164c0200447eb83d3f68b44315ead3f9036",
                "sha256:4b847029e2d5e11fd536c9ac3136ddc3f54bc9488a75ef7d040a3900406a91eb",
                "sha256:59d7d92cee84a547d91267f0fea381c363121d70fe90b12cd88241bd9b0e1763",
                "sha256:5a0898a640559dec00f3614ffb11d97a2666ee9a2a6bad1259c9facd01a1d4d9",
                "sha256:5a9a1889cc01ed2ed5f34574c90745fab1dd06ec2eee663e8ebeefe363e8efd7",
                "sha256:5b835b86bd5a1bdbe257d610eecab07bf685b1af2a7563093e0e69180c1d4af1",
                "sha256:5f24ca7953f2643d59a9c87d6e272d8adddd4a53bb62b9208f36db408d7aafc7",
                "sha256:61e1a064906ccba038aa3c4a5a82f6199749efbbb3cef0804ae5c37f550eded0",
                "sha256:65bf3eb34721bf18b5a021a1ad7aa05947a1767d1aa272b725728014475ea7d5",
                "sha256:6807bcee549a8cb2f38f73f469703a1d8d5d990815c3004f21ddb68a567385ce",
                "sha256:68aeefac31c1f73949662ba8affaf9950b9938b712fb9d428fa2a07e40ee57f8",
                "sha256:6915682f9a9bc4cf2908e83caf5895a685da1fbd20b6d485dafb8e218a338279",
                "sha256:6d9810d4f697d58fd66039ab959e6d37e63ab377008ef1d63904df25956c7db0",
                "sha256:729d5e96566f44fccac6c4447ec2332636b4fe273f03da128fff8d5559782b06",
                "sha256:748df39ed634851350efa87690c2237a678ed794fe9ede3f0d79f071ee042561",
                "sha256:763a73ab377390e2af26042f685a26787c402390f682443727b847e9496e4a2a",
                "sha256:8323a43bd9c91f62bb7d4be74cc9ff10090e7ef820e27bfe8815c57e68261311",
                "sha256:8529b07b49b2d89d6917cfa157d3ea1dfb4d319d51e23030664a827fe5fd2131",
                "sha256:87fa943e8bbe40c8c1ba4086971a6fefbf75e9991217c55ed1bcb2f1985bd3d4",
                "sha256:88236b90dda77f0394f878324cfbae05ae6fde8a84d548cfe73a75278d760291",
                "sha256:891c353e95bb11abb548ca95c8b98050f3620a7378332eb90d6acdef35b401d4",
                "sha256:89ba3d548ee1e6291a20f3c7380c92f71e358ce8b9e48161401e087e0bc740f8",
                "sha256:8c6be72eac3c14baa473620e04f74186c5d8f45d80f8f2b4eda6e1d18af808e8",
                "sha256:9a242871b3d8eecc56d350e5e03ea1854de47b17f040446da0e47dc3e0b9ad4d",
                "sha256:9a3ff5fb015f6feb78340143584d9f8a0b91b6293d6b5cf4295b3e95d179b88c",
                "sha256:9a5a544861b21e0e7575b6023adebe7a8c6321127bb1d238eb40d99803a0e8bd",
                "sha256:9d57677238a0c5411c76097b8b93bdebb02eb845814c90f0b01727527a179e4d",
                "sha256:9d8c68c4145041b4eeae96239802cfdfd9ef927754a5be3f50505f09f309d8c6",
                "sha256:9d9fcd06c952efa4b6b95f3d788a819b7f33d11bea377be6b8980c95e7d10775",
                "sha256:a0057b5435a65b933cbf5d859cd4956624df37b8bf0917c71756e4b3d9958b9e",
                "sha256:a65bffd24409454b889af33b6c49d0d9bcd1a219b972fba975ac935f17bdf627",
                "sha256:b0ed6ad6c9640671689c2dbe6244680fe8b897c08fd1fab2228429b66c518e5e",
                "sha256:b21650fa6907e523869e0396c5bd591cc326e5c1dd594dcdccac089561cacfb8",
                "sha256:b3f7e671fb19734c872566e57ce7fc235fa953d7c181bb4ef138e17d607dc8a1",
                "sha256:b77159d9862374da213f741af0c361720200ab7ad21b9f12556e0eb95912cd48",
                "sha256:bb36fbb48b22985d13a6b496ea5fb9bb2a076fea943831643836c9f6febbcfdc",
                "sha256:d066ffc5ed0be00cd0352c95800a519cf9e4b5dd34a028d301bdc7177c72daf3",
                "sha256:d332eecf307fca852d02b63f35a7872de32d5ba8b4ec32da82f45df986b39ff6",
                "sha256:d808a5a5411982a09fef6b49aac62986274ab050e9d3e9817ad65b2791ed1425",
                "sha256:d9bdfa74d369256e4218000a629978590fd7cb6cf6893251dad13d051090436d",
                "sha256:db6a0ddc1282ceb9032e41853e659c9b638789be38e5b8ad7498caac00231c23",
                "sha256:debaf04f813ada978d7d16c7dfa16f3c9c2ec9adf4656efdc4defdf841fc2f0c",
                "sha256:f0408e2dbad9e82b4c960274214af533f856a199c9274bd4aff55d4634dedc33",
                "sha256:f2f3bc7cd9c9fcd39143f11342eb5963317bd54ecc98e3650ca22704b69d9653"
            ],
            "markers": "python_version >= '2.7' and python_version not in '3.0, 3.1, 3.2, 3.3, 3.4'",
            "version": "==1.14.0"
        }
    },
    "develop": {}
}
